
Microsoft Visual Studio Solution File, Format Version 11.00
# Visual Studio 2010
Project("{FAE04EC0-301F-11D3-BF4B-00C04F79EFBC}") = "WcfService", "WcfService\WcfService.csproj", "{6D3C8F60-D526-46F0-B0FD-1DF2D23610B2}"
EndProject
Project("{FAE04EC0-301F-11D3-BF4B-00C04F79EFBC}") = "WcfServiceProxy", "WcfServiceProxy\WcfServiceProxy.csproj", "{35E83A86-D81B-4980-ADE4-EA0ABAA509F4}"
	ProjectSection(ProjectDependencies) = postProject
		{6D3C8F60-D526-46F0-B0FD-1DF2D23610B2} = {6D3C8F60-D526-46F0-B0FD-1DF2D23610B2}
	EndProjectSection
EndProject
Project("{FAE04EC0-301F-11D3-BF4B-00C04F79EFBC}") = "WcfServiceConsumer", "WcfServiceConsumer\WcfServiceConsumer.csproj", "{2BBAA3CB-8966-414A-A8E2-8D764A26E5FA}"
EndProject
Global
	GlobalSection(SolutionConfigurationPlatforms) = preSolution
		Debug|Any CPU = Debug|Any CPU
		Debug|Mixed Platforms = Debug|Mixed Platforms
		Debug|x86 = Debug|x86
		Release|Any CPU = Release|Any CPU
		Release|Mixed Platforms = Release|Mixed Platforms
		Release|x86 = Release|x86
	EndGlobalSection
	GlobalSection(ProjectConfigurationPlatforms) = postSolution
		{6D3C8F60-D526-46F0-B0FD-1DF2D23610B2}.Debug|Any CPU.ActiveCfg = Debug|Any CPU
		{6D3C8F60-D526-46F0-B0FD-1DF2D23610B2}.Debug|Any CPU.Build.0 = Debug|Any CPU
		{6D3C8F60-D526-46F0-B0FD-1DF2D23610B2}.Debug|Mixed Platforms.ActiveCfg = Debug|Any CPU
		{6D3C8F60-D526-46F0-B0FD-1DF2D23610B2}.Debug|Mixed Platforms.Build.0 = Debug|Any CPU
		{6D3C8F60-D526-46F0-B0FD-1DF2D23610B2}.Debug|x86.ActiveCfg = Debug|Any CPU
		{6D3C8F60-D526-46F0-B0FD-1DF2D23610B2}.Release|Any CPU.ActiveCfg = Release|Any CPU
		{6D3C8F60-D526-46F0-B0FD-1DF2D23610B2}.Release|Any CPU.Build.0 = Release|Any CPU
		{6D3C8F60-D526-46F0-B0FD-1DF2D23610B2}.Release|Mixed Platforms.ActiveCfg = Release|Any CPU
		{6D3C8F60-D526-46F0-B0FD-1DF2D23610B2}.Release|Mixed Platforms.Build.0 = Release|Any CPU
		{6D3C8F60-D526-46F0-B0FD-1DF2D23610B2}.Release|x86.ActiveCfg = Release|Any CPU
		{35E83A86-D81B-4980-ADE4-EA0ABAA509F4}.Debug|Any CPU.ActiveCfg = Debug|Any CPU
		{35E83A86-D81B-4980-ADE4-EA0ABAA509F4}.Debug|Any CPU.Build.0 = Debug|Any CPU
		{35E83A86-D81B-4980-ADE4-EA0ABAA509F4}.Debug|Mixed Platforms.ActiveCfg = Debug|Any CPU
		{35E83A86-D81B-4980-ADE4-EA0ABAA509F4}.Debug|Mixed Platforms.Build.0 = Debug|Any CPU
		{35E83A86-D81B-4980-ADE4-EA0ABAA509F4}.Debug|x86.ActiveCfg = Debug|Any CPU
		{35E83A86-D81B-4980-ADE4-EA0ABAA509F4}.Release|Any CPU.ActiveCfg = Release|Any CPU
		{35E83A86-D81B-4980-ADE4-EA0ABAA509F4}.Release|Any CPU.Build.0 = Release|Any CPU
		{35E83A86-D81B-4980-ADE4-EA0ABAA509F4}.Release|Mixed Platforms.ActiveCfg = Release|Any CPU
		{35E83A86-D81B-4980-ADE4-EA0ABAA509F4}.Release|Mixed Platforms.Build.0 = Release|Any CPU
		{35E83A86-D81B-4980-ADE4-EA0ABAA509F4}.Release|x86.ActiveCfg = Release|Any CPU
		{2BBAA3CB-8966-414A-A8E2-8D764A26E5FA}.Debug|Any CPU.ActiveCfg = Debug|x86
		{2BBAA3CB-8966-414A-A8E2-8D764A26E5FA}.Debug|Mixed Platforms.ActiveCfg = Debug|x86
		{2BBAA3CB-8966-414A-A8E2-8D764A26E5FA}.Debug|Mixed Platforms.Build.0 = Debug|x86
		{2BBAA3CB-8966-414A-A8E2-8D764A26E5FA}.Debug|x86.ActiveCfg = Debug|x86
		{2BBAA3CB-8966-414A-A8E2-8D764A26E5FA}.Debug|x86.Build.0 = Debug|x86
		{2BBAA3CB-8966-414A-A8E2-8D764A26E5FA}.Release|Any CPU.ActiveCfg = Release|x86
		{2BBAA3CB-8966-414A-A8E2-8D764A26E5FA}.Release|Mixed Platforms.ActiveCfg = Release|x86
		{2BBAA3CB-8966-414A-A8E2-8D764A26E5FA}.Release|Mixed Platforms.Build.0 = Release|x86
		{2BBAA3CB-8966-414A-A8E2-8D764A26E5FA}.Release|x86.ActiveCfg = Release|x86
		{2BBAA3CB-8966-414A-A8E2-8D764A26E5FA}.Release|x86.Build.0 = Release|x86
	EndGlobalSection
	GlobalSection(SolutionProperties) = preSolution
		HideSolutionNode = FALSE
	EndGlobalSection
EndGlobal
